// !$*UTF8*$!
{
	archiveVersion = 1;
	classes = {
	};
	objectVersion = 50;
	objects = {

/* Begin PBXBuildFile section */
		902FB1D2218F850700753C0D /* AppDelegate.swift in Sources */ = {isa = PBXBuildFile; fileRef = 902FB1D1218F850700753C0D /* AppDelegate.swift */; };
		902FB1D4218F850700753C0D /* GoalsVC.swift in Sources */ = {isa = PBXBuildFile; fileRef = 902FB1D3218F850700753C0D /* GoalsVC.swift */; };
		902FB1D7218F850700753C0D /* Main.storyboard in Resources */ = {isa = PBXBuildFile; fileRef = 902FB1D5218F850700753C0D /* Main.storyboard */; };
		902FB1DA218F850700753C0D /* GoalPost.xcdatamodeld in Sources */ = {isa = PBXBuildFile; fileRef = 902FB1D8218F850700753C0D /* GoalPost.xcdatamodeld */; };
		902FB1DC218F850A00753C0D /* Assets.xcassets in Resources */ = {isa = PBXBuildFile; fileRef = 902FB1DB218F850A00753C0D /* Assets.xcassets */; };
		902FB1DF218F850A00753C0D /* LaunchScreen.storyboard in Resources */ = {isa = PBXBuildFile; fileRef = 902FB1DD218F850A00753C0D /* LaunchScreen.storyboard */; };
		902FB1EC218F98BD00753C0D /* GoalCell.swift in Sources */ = {isa = PBXBuildFile; fileRef = 902FB1EB218F98BD00753C0D /* GoalCell.swift */; };
		902FB1EE218FAF3800753C0D /* GoalType.swift in Sources */ = {isa = PBXBuildFile; fileRef = 902FB1ED218FAF3800753C0D /* GoalType.swift */; };
/* End PBXBuildFile section */

/* Begin PBXFileReference section */
		902FB1CE218F850700753C0D /* GoalPost.app */ = {isa = PBXFileReference; explicitFileType = wrapper.application; includeInIndex = 0; path = GoalPost.app; sourceTree = BUILT_PRODUCTS_DIR; };
		902FB1D1218F850700753C0D /* AppDelegate.swift */ = {isa = PBXFileReference; lastKnownFileType = sourcecode.swift; path = AppDelegate.swift; sourceTree = "<group>"; };
		902FB1D3218F850700753C0D /* GoalsVC.swift */ = {isa = PBXFileReference; lastKnownFileType = sourcecode.swift; path = GoalsVC.swift; sourceTree = "<group>"; };
		902FB1D6218F850700753C0D /* Base */ = {isa = PBXFileReference; lastKnownFileType = file.storyboard; name = Base; path = Base.lproj/Main.storyboard; sourceTree = "<group>"; };
		902FB1D9218F850700753C0D /* GoalPost.xcdatamodel */ = {isa = PBXFileReference; lastKnownFileType = wrapper.xcdatamodel; path = GoalPost.xcdatamodel; sourceTree = "<group>"; };
		902FB1DB218F850A00753C0D /* Assets.xcassets */ = {isa = PBXFileReference; lastKnownFileType = folder.assetcatalog; path = Assets.xcassets; sourceTree = "<group>"; };
		902FB1DE218F850A00753C0D /* Base */ = {isa = PBXFileReference; lastKnownFileType = file.storyboard; name = Base; path = Base.lproj/LaunchScreen.storyboard; sourceTree = "<group>"; };
		902FB1E0218F850A00753C0D /* Info.plist */ = {isa = PBXFileReference; lastKnownFileType = text.plist.xml; path = Info.plist; sourceTree = "<group>"; };
		902FB1EB218F98BD00753C0D /* GoalCell.swift */ = {isa = PBXFileReference; lastKnownFileType = sourcecode.swift; path = GoalCell.swift; sourceTree = "<group>"; };
		902FB1ED218FAF3800753C0D /* GoalType.swift */ = {isa = PBXFileReference; lastKnownFileType = sourcecode.swift; path = GoalType.swift; sourceTree = "<group>"; };
/* End PBXFileReference section */

/* Begin PBXFrameworksBuildPhase section */
		902FB1CB218F850700753C0D /* Frameworks */ = {
			isa = PBXFrameworksBuildPhase;
			buildActionMask = 2147483647;
			files = (
			);
			runOnlyForDeploymentPostprocessing = 0;
		};
/* End PBXFrameworksBuildPhase section */

/* Begin PBXGroup section */
		902FB1C5218F850700753C0D = {
			isa = PBXGroup;
			children = (
				902FB1D0218F850700753C0D /* GoalPost */,
				902FB1CF218F850700753C0D /* Products */,
			);
			sourceTree = "<group>";
		};
		902FB1CF218F850700753C0D /* Products */ = {
			isa = PBXGroup;
			children = (
				902FB1CE218F850700753C0D /* GoalPost.app */,
			);
			name = Products;
			sourceTree = "<group>";
		};
		902FB1D0218F850700753C0D /* GoalPost */ = {
			isa = PBXGroup;
			children = (
				902FB1EA218F858800753C0D /* Extensions */,
				902FB1E9218F858100753C0D /* Enums */,
				902FB1E8218F857300753C0D /* Model */,
				902FB1E7218F856900753C0D /* View */,
				902FB1E6218F854200753C0D /* Controller */,
				902FB1D1218F850700753C0D /* AppDelegate.swift */,
				902FB1D5218F850700753C0D /* Main.storyboard */,
				902FB1DB218F850A00753C0D /* Assets.xcassets */,
				902FB1DD218F850A00753C0D /* LaunchScreen.storyboard */,
				902FB1E0218F850A00753C0D /* Info.plist */,
			);
			path = GoalPost;
			sourceTree = "<group>";
		};
		902FB1E6218F854200753C0D /* Controller */ = {
			isa = PBXGroup;
			children = (
				902FB1D3218F850700753C0D /* GoalsVC.swift */,
			);
			path = Controller;
			sourceTree = "<group>";
		};
		902FB1E7218F856900753C0D /* View */ = {
			isa = PBXGroup;
			children = (
				902FB1EB218F98BD00753C0D /* GoalCell.swift */,
			);
			path = View;
			sourceTree = "<group>";
		};
		902FB1E8218F857300753C0D /* Model */ = {
			isa = PBXGroup;
			children = (
				902FB1D8218F850700753C0D /* GoalPost.xcdatamodeld */,
			);
			path = Model;
			sourceTree = "<group>";
		};
		902FB1E9218F858100753C0D /* Enums */ = {
			isa = PBXGroup;
			children = (
				902FB1ED218FAF3800753C0D /* GoalType.swift */,
			);
			path = Enums;
			sourceTree = "<group>";
		};
		902FB1EA218F858800753C0D /* Extensions */ = {
			isa = PBXGroup;
			children = (
			);
			path = Extensions;
			sourceTree = "<group>";
		};
/* End PBXGroup section */

/* Begin PBXNativeTarget section */
		902FB1CD218F850700753C0D /* GoalPost */ = {
			isa = PBXNativeTarget;
			buildConfigurationList = 902FB1E3218F850A00753C0D /* Build configuration list for PBXNativeTarget "GoalPost" */;
			buildPhases = (
				902FB1CA218F850700753C0D /* Sources */,
				902FB1CB218F850700753C0D /* Frameworks */,
				902FB1CC218F850700753C0D /* Resources */,
			);
			buildRules = (
			);
			dependencies = (
			);
			name = GoalPost;
			productName = GoalPost;
			productReference = 902FB1CE218F850700753C0D /* GoalPost.app */;
			productType = "com.apple.product-type.application";
		};
/* End PBXNativeTarget section */

/* Begin PBXProject section */
		902FB1C6218F850700753C0D /* Project object */ = {
			isa = PBXProject;
			attributes = {
				LastSwiftUpdateCheck = 1010;
				LastUpgradeCheck = 1010;
				ORGANIZATIONNAME = "David Bratton";
				TargetAttributes = {
					902FB1CD218F850700753C0D = {
						CreatedOnToolsVersion = 10.1;
					};
				};
			};
			buildConfigurationList = 902FB1C9218F850700753C0D /* Build configuration list for PBXProject "GoalPost" */;
			compatibilityVersion = "Xcode 9.3";
			developmentRegion = en;
			hasScannedForEncodings = 0;
			knownRegions = (
				en,
				Base,
			);
			mainGroup = 902FB1C5218F850700753C0D;
			productRefGroup = 902FB1CF218F850700753C0D /* Products */;
			projectDirPath = "";
			projectRoot = "";
			targets = (
				902FB1CD218F850700753C0D /* GoalPost */,
			);
		};
/* End PBXProject section */

/* Begin PBXResourcesBuildPhase section */
		902FB1CC218F850700753C0D /* Resources */ = {
			isa = PBXResourcesBuildPhase;
			buildActionMask = 2147483647;
			files = (
				902FB1DF218F850A00753C0D /* LaunchScreen.storyboard in Resources */,
				902FB1DC218F850A00753C0D /* Assets.xcassets in Resources */,
				902FB1D7218F850700753C0D /* Main.storyboard in Resources */,
			);
			runOnlyForDeploymentPostprocessing = 0;
		};
/* End PBXResourcesBuildPhase section */

/* Begin PBXSourcesBuildPhase section */
		902FB1CA218F850700753C0D /* Sources */ = {
			isa = PBXSourcesBuildPhase;
			buildActionMask = 2147483647;
			files = (
				902FB1EC218F98BD00753C0D /* GoalCell.swift in Sources */,
				902FB1EE218FAF3800753C0D /* GoalType.swift in Sources */,
				902FB1D4218F850700753C0D /* GoalsVC.swift in Sources */,
				902FB1D2218F850700753C0D /* AppDelegate.swift in Sources */,
				902FB1DA218F850700753C0D /* GoalPost.xcdatamodeld in Sources */,
			);
			runOnlyForDeploymentPostprocessing = 0;
		};
/* End PBXSourcesBuildPhase section */

/* Begin PBXVariantGroup section */
		902FB1D5218F850700753C0D /* Main.storyboard */ = {
			isa = PBXVariantGroup;
			children = (
				902FB1D6218F850700753C0D /* Base */,
			);
			name = Main.storyboard;
			sourceTree = "<group>";
		};
		902FB1DD218F850A00753C0D /* LaunchScreen.storyboard */ = {
			isa = PBXVariantGroup;
			children = (
				902FB1DE218F850A00753C0D /* Base */,
			);
			name = LaunchScreen.storyboard;
			sourceTree = "<group>";
		};
/* End PBXVariantGroup section */

/* Begin XCBuildConfiguration section */
		902FB1E1218F850A00753C0D /* Debug */ = {
			isa = XCBuildConfiguration;
			buildSettings = {
				ALWAYS_SEARCH_USER_PATHS = NO;
				CLANG_ANALYZER_NONNULL = YES;
				CLANG_ANALYZER_NUMBER_OBJECT_CONVERSION = YES_AGGRESSIVE;
				CLANG_CXX_LANGUAGE_STANDARD = "gnu++14";
				CLANG_CXX_LIBRARY = "libc++";
				CLANG_ENABLE_MODULES = YES;
				CLANG_ENABLE_OBJC_ARC = YES;
				CLANG_ENABLE_OBJC_WEAK = YES;
				CLANG_WARN_BLOCK_CAPTURE_AUTORELEASING = YES;
				CLANG_WARN_BOOL_CONVERSION = YES;
				CLANG_WARN_COMMA = YES;
				CLANG_WARN_CONSTANT_CONVERSION = YES;
				CLANG_WARN_DEPRECATED_OBJC_IMPLEMENTATIONS = YES;
				CLANG_WARN_DIRECT_OBJC_ISA_USAGE = YES_ERROR;
				CLANG_WARN_DOCUMENTATION_COMMENTS = YES;
				CLANG_WARN_EMPTY_BODY = YES;
				CLANG_WARN_ENUM_CONVERSION = YES;
				CLANG_WARN_INFINITE_RECURSION = YES;
				CLANG_WARN_INT_CONVERSION = YES;
				CLANG_WARN_NON_LITERAL_NULL_CONVERSION = YES;
				CLANG_WARN_OBJC_IMPLICIT_RETAIN_SELF = YES;
				CLANG_WARN_OBJC_LITERAL_CONVERSION = YES;
				CLANG_WARN_OBJC_ROOT_CLASS = YES_ERROR;
				CLANG_WARN_RANGE_LOOP_ANALYSIS = YES;
				CLANG_WARN_STRICT_PROTOTYPES = YES;
				CLANG_WARN_SUSPICIOUS_MOVE = YES;
				CLANG_WARN_UNGUARDED_AVAILABILITY = YES_AGGRESSIVE;
				CLANG_WARN_UNREACHABLE_CODE = YES;
				CLANG_WARN__DUPLICATE_METHOD_MATCH = YES;
				CODE_SIGN_IDENTITY = "iPhone Developer";
				COPY_PHASE_STRIP = NO;
				DEBUG_INFORMATION_FORMAT = dwarf;
				ENABLE_STRICT_OBJC_MSGSEND = YES;
				ENABLE_TESTABILITY = YES;
				GCC_C_LANGUAGE_STANDARD = gnu11;
				GCC_DYNAMIC_NO_PIC = NO;
				GCC_NO_COMMON_BLOCKS = YES;
				GCC_OPTIMIZATION_LEVEL = 0;
				GCC_PREPROCESSOR_DEFINITIONS = (
					"DEBUG=1",
					"$(inherited)",
				);
				GCC_WARN_64_TO_32_BIT_CONVERSION = YES;
				GCC_WARN_ABOUT_RETURN_TYPE = YES_ERROR;
				GCC_WARN_UNDECLARED_SELECTOR = YES;
				GCC_WARN_UNINITIALIZED_AUTOS = YES_AGGRESSIVE;
				GCC_WARN_UNUSED_FUNCTION = YES;
				GCC_WARN_UNUSED_VARIABLE = YES;
				IPHONEOS_DEPLOYMENT_TARGET = 12.1;
				MTL_ENABLE_DEBUG_INFO = INCLUDE_SOURCE;
				MTL_FAST_MATH = YES;
				ONLY_ACTIVE_ARCH = YES;
				SDKROOT = iphoneos;
				SWIFT_ACTIVE_COMPILATION_CONDITIONS = DEBUG;
				SWIFT_OPTIMIZATION_LEVEL = "-Onone";
			};
			name = Debug;
		};
		902FB1E2218F850A00753C0D /* Release */ = {
			isa = XCBuildConfiguration;
			buildSettings = {
				ALWAYS_SEARCH_USER_PATHS = NO;
				CLANG_ANALYZER_NONNULL = YES;
				CLANG_ANALYZER_NUMBER_OBJECT_CONVERSION = YES_AGGRESSIVE;
				CLANG_CXX_LANGUAGE_STANDARD = "gnu++14";
				CLANG_CXX_LIBRARY = "libc++";
				CLANG_ENABLE_MODULES = YES;
				CLANG_ENABLE_OBJC_ARC = YES;
				CLANG_ENABLE_OBJC_WEAK = YES;
				CLANG_WARN_BLOCK_CAPTURE_AUTORELEASING = YES;
				CLANG_WARN_BOOL_CONVERSION = YES;
				CLANG_WARN_COMMA = YES;
				CLANG_WARN_CONSTANT_CONVERSION = YES;
				CLANG_WARN_DEPRECATED_OBJC_IMPLEMENTATIONS = YES;
				CLANG_WARN_DIRECT_OBJC_ISA_USAGE = YES_ERROR;
				CLANG_WARN_DOCUMENTATION_COMMENTS = YES;
				CLANG_WARN_EMPTY_BODY = YES;
				CLANG_WARN_ENUM_CONVERSION = YES;
				CLANG_WARN_INFINITE_RECURSION = YES;
				CLANG_WARN_INT_CONVERSION = YES;
				CLANG_WARN_NON_LITERAL_NULL_CONVERSION = YES;
				CLANG_WARN_OBJC_IMPLICIT_RETAIN_SELF = YES;
				CLANG_WARN_OBJC_LITERAL_CONVERSION = YES;
				CLANG_WARN_OBJC_ROOT_CLASS = YES_ERROR;
				CLANG_WARN_RANGE_LOOP_ANALYSIS = YES;
				CLANG_WARN_STRICT_PROTOTYPES = YES;
				CLANG_WARN_SUSPICIOUS_MOVE = YES;
				CLANG_WARN_UNGUARDED_AVAILABILITY = YES_AGGRESSIVE;
				CLANG_WARN_UNREACHABLE_CODE = YES;
				CLANG_WARN__DUPLICATE_METHOD_MATCH = YES;
				CODE_SIGN_IDENTITY = "iPhone Developer";
				COPY_PHASE_STRIP = NO;
				DEBUG_INFORMATION_FORMAT = "dwarf-with-dsym";
				ENABLE_NS_ASSERTIONS = NO;
				ENABLE_STRICT_OBJC_MSGSEND = YES;
				GCC_C_LANGUAGE_STANDARD = gnu11;
				GCC_NO_COMMON_BLOCKS = YES;
				GCC_WARN_64_TO_32_BIT_CONVERSION = YES;
				GCC_WARN_ABOUT_RETURN_TYPE = YES_ERROR;
				GCC_WARN_UNDECLARED_SELECTOR = YES;
				GCC_WARN_UNINITIALIZED_AUTOS = YES_AGGRESSIVE;
				GCC_WARN_UNUSED_FUNCTION = YES;
				GCC_WARN_UNUSED_VARIABLE = YES;
				IPHONEOS_DEPLOYMENT_TARGET = 12.1;
				MTL_ENABLE_DEBUG_INFO = NO;
				MTL_FAST_MATH = YES;
				SDKROOT = iphoneos;
				SWIFT_COMPILATION_MODE = wholemodule;
				SWIFT_OPTIMIZATION_LEVEL = "-O";
				VALIDATE_PRODUCT = YES;
			};
			name = Release;
		};
		902FB1E4218F850A00753C0D /* Debug */ = {
			isa = XCBuildConfiguration;
			buildSettings = {
				ASSETCATALOG_COMPILER_APPICON_NAME = AppIcon;
				CODE_SIGN_STYLE = Automatic;
				DEVELOPMENT_TEAM = 38CU8Z7F4U;
				INFOPLIST_FILE = GoalPost/Info.plist;
				LD_RUNPATH_SEARCH_PATHS = (
					"$(inherited)",
					"@executable_path/Frameworks",
				);
				PRODUCT_BUNDLE_IDENTIFIER = com.davidbratton.GoalPost;
				PRODUCT_NAME = "$(TARGET_NAME)";
				SWIFT_VERSION = 4.2;
				TARGETED_DEVICE_FAMILY = "1,2";
			};
			name = Debug;
		};
		902FB1E5218F850A00753C0D /* Release */ = {
			isa = XCBuildConfiguration;
			buildSettings = {
				ASSETCATALOG_COMPILER_APPICON_NAME = AppIcon;
				CODE_SIGN_STYLE = Automatic;
				DEVELOPMENT_TEAM = 38CU8Z7F4U;
				INFOPLIST_FILE = GoalPost/Info.plist;
				LD_RUNPATH_SEARCH_PATHS = (
					"$(inherited)",
					"@executable_path/Frameworks",
				);
				PRODUCT_BUNDLE_IDENTIFIER = com.davidbratton.GoalPost;
				PRODUCT_NAME = "$(TARGET_NAME)";
				SWIFT_VERSION = 4.2;
				TARGETED_DEVICE_FAMILY = "1,2";
			};
			name = Release;
		};
/* End XCBuildConfiguration section */

/* Begin XCConfigurationList section */
		902FB1C9218F850700753C0D /* Build configuration list for PBXProject "GoalPost" */ = {
			isa = XCConfigurationList;
			buildConfigurations = (
				902FB1E1218F850A00753C0D /* Debug */,
				902FB1E2218F850A00753C0D /* Release */,
			);
			defaultConfigurationIsVisible = 0;
			defaultConfigurationName = Release;
		};
		902FB1E3218F850A00753C0D /* Build configuration list for PBXNativeTarget "GoalPost" */ = {
			isa = XCConfigurationList;
			buildConfigurations = (
				902FB1E4218F850A00753C0D /* Debug */,
				902FB1E5218F850A00753C0D /* Release */,
			);
			defaultConfigurationIsVisible = 0;
			defaultConfigurationName = Release;
		};
/* End XCConfigurationList section */

/* Begin XCVersionGroup section */
		902FB1D8218F850700753C0D /* GoalPost.xcdatamodeld */ = {
			isa = XCVersionGroup;
			children = (
				902FB1D9218F850700753C0D /* GoalPost.xcdatamodel */,
			);
			currentVersion = 902FB1D9218F850700753C0D /* GoalPost.xcdatamodel */;
			path = GoalPost.xcdatamodeld;
			sourceTree = "<group>";
			versionGroupType = wrapper.xcdatamodel;
		};
/* End XCVersionGroup section */
	};
	rootObject = 902FB1C6218F850700753C0D /* Project object */;
}
